<?xml version="1.0" encoding="utf-8"?>
<Project ToolsVersion="4.0" xmlns="http://schemas.microsoft.com/developer/msbuild/2003">
  <ItemGroup>
    <Filter Include="Source Files">
      <UniqueIdentifier>{4FC737F1-C7A5-4376-A066-2A32D752A2FF}</UniqueIdentifier>
      <Extensions>cpp;c;cc;cxx;def;odl;idl;hpj;bat;asm;asmx</Extensions>
    </Filter>
    <Filter Include="Header Files">
      <UniqueIdentifier>{93995380-89BD-4b04-88EB-625FBE52EBFB}</UniqueIdentifier>
      <Extensions>h;hh;hpp;hxx;hm;inl;inc;xsd</Extensions>
    </Filter>
    <Filter Include="Resource Files">
      <UniqueIdentifier>{67DA6AB6-F800-4c08-8B7A-83BB121AAD01}</UniqueIdentifier>
      <Extensions>rc;ico;cur;bmp;dlg;rc2;rct;bin;rgs;gif;jpg;jpeg;jpe;resx;tiff;tif;png;wav;mfcribbon-ms</Extensions>
    </Filter>
    <Filter Include="Season">
      <UniqueIdentifier>{09019cb6-9d54-4b21-b46f-38cacce2cc7e}</UniqueIdentifier>
    </Filter>
    <Filter Include="Season\Extensions">
      <UniqueIdentifier>{136bebc2-ceee-499f-ac30-10b096e31665}</UniqueIdentifier>
    </Filter>
  </ItemGroup>
  <ItemGroup>
    <ClCompile Include="main.cpp">
      <Filter>Source Files</Filter>
    </ClCompile>
  </ItemGroup>
  <ItemGroup>
    <CustomBuild Include="MyStructure.h">
      <Filter>Header Files</Filter>
    </CustomBuild>
  </ItemGroup>
  <ItemGroup>
    <ClInclude Include="..\..\Season.h">
      <Filter>Season</Filter>
    </ClInclude>
    <ClInclude Include="..\..\RapidSeason.h">
      <Filter>Season</Filter>
    </ClInclude>
    <ClInclude Include="..\..\BoostSeason.h">
      <Filter>Season</Filter>
    </ClInclude>
    <ClInclude Include="..\..\Extensions\boost\Optional.h">
      <Filter>Season\Extensions</Filter>
    </ClInclude>
    <ClInclude Include="..\..\Extensions\std\Vector.h">
      <Filter>Season\Extensions</Filter>
    </ClInclude>
    <ClInclude Include="..\..\Extensions\std\SharedPtr.h">
      <Filter>Season\Extensions</Filter>
    </ClInclude>
    <ClInclude Include="..\..\Extensions\std\UniquePtr.h">
      <Filter>Season\Extensions</Filter>
    </ClInclude>
    <ClInclude Include="..\..\Extensions\std\String.h">
      <Filter>Season\Extensions</Filter>
    </ClInclude>
    <ClInclude Include="..\..\Extensions\boost\PosixTime.h">
      <Filter>Season\Extensions</Filter>
    </ClInclude>
    <ClInclude Include="..\..\Extensions\boost\UUId.h">
      <Filter>Season\Extensions</Filter>
    </ClInclude>
    <ClInclude Include="..\..\Extensions\boost\LexicalCast.h">
      <Filter>Season\Extensions</Filter>
    </ClInclude>
  </ItemGroup>
</Project>